// !$*UTF8*$!
{
	archiveVersion = 1;
	classes = {
	};
	objectVersion = 48;
	objects = {

/* Begin PBXBuildFile section */
		839E5FEB1F6891E100C976DA /* ServicesTableViewController.swift in Sources */ = {isa = PBXBuildFile; fileRef = 839E5FEA1F6891E100C976DA /* ServicesTableViewController.swift */; };
		839E5FED1F6891F700C976DA /* ServicesViewController.swift in Sources */ = {isa = PBXBuildFile; fileRef = 839E5FEC1F6891F700C976DA /* ServicesViewController.swift */; };
		839E5FEF1F68920B00C976DA /* ServicesTableViewCell.swift in Sources */ = {isa = PBXBuildFile; fileRef = 839E5FEE1F68920B00C976DA /* ServicesTableViewCell.swift */; };
		839E5FF21F69E40800C976DA /* AboutUsViewController.swift in Sources */ = {isa = PBXBuildFile; fileRef = 839E5FF11F69E40800C976DA /* AboutUsViewController.swift */; };
		839E5FF51F6B369700C976DA /* PortfolioCollectionViewController.swift in Sources */ = {isa = PBXBuildFile; fileRef = 839E5FF41F6B369700C976DA /* PortfolioCollectionViewController.swift */; };
		839E5FF71F6B36AE00C976DA /* PortfolioCollectionViewCell.swift in Sources */ = {isa = PBXBuildFile; fileRef = 839E5FF61F6B36AE00C976DA /* PortfolioCollectionViewCell.swift */; };
		839E5FFB1F6E045100C976DA /* ContactUsViewController.swift in Sources */ = {isa = PBXBuildFile; fileRef = 839E5FFA1F6E045100C976DA /* ContactUsViewController.swift */; };
		839E5FFE1F6E049E00C976DA /* MapKit.framework in Frameworks */ = {isa = PBXBuildFile; fileRef = 839E5FFD1F6E049E00C976DA /* MapKit.framework */; };
		83BC474E1F673FF80094440A /* AppDelegate.swift in Sources */ = {isa = PBXBuildFile; fileRef = 83BC474D1F673FF80094440A /* AppDelegate.swift */; };
		83BC47501F673FF80094440A /* HomeScreenVC.swift in Sources */ = {isa = PBXBuildFile; fileRef = 83BC474F1F673FF80094440A /* HomeScreenVC.swift */; };
		83BC47531F673FF80094440A /* Main.storyboard in Resources */ = {isa = PBXBuildFile; fileRef = 83BC47511F673FF80094440A /* Main.storyboard */; };
		83BC47551F673FF80094440A /* Assets.xcassets in Resources */ = {isa = PBXBuildFile; fileRef = 83BC47541F673FF80094440A /* Assets.xcassets */; };
		83BC47581F673FF80094440A /* LaunchScreen.storyboard in Resources */ = {isa = PBXBuildFile; fileRef = 83BC47561F673FF80094440A /* LaunchScreen.storyboard */; };
		83BC47631F67EC970094440A /* RoundedCornerButton.swift in Sources */ = {isa = PBXBuildFile; fileRef = 83BC47621F67EC970094440A /* RoundedCornerButton.swift */; };
/* End PBXBuildFile section */

/* Begin PBXFileReference section */
		839E5FEA1F6891E100C976DA /* ServicesTableViewController.swift */ = {isa = PBXFileReference; lastKnownFileType = sourcecode.swift; path = ServicesTableViewController.swift; sourceTree = "<group>"; };
		839E5FEC1F6891F700C976DA /* ServicesViewController.swift */ = {isa = PBXFileReference; lastKnownFileType = sourcecode.swift; path = ServicesViewController.swift; sourceTree = "<group>"; };
		839E5FEE1F68920B00C976DA /* ServicesTableViewCell.swift */ = {isa = PBXFileReference; lastKnownFileType = sourcecode.swift; path = ServicesTableViewCell.swift; sourceTree = "<group>"; };
		839E5FF11F69E40800C976DA /* AboutUsViewController.swift */ = {isa = PBXFileReference; lastKnownFileType = sourcecode.swift; path = AboutUsViewController.swift; sourceTree = "<group>"; };
		839E5FF41F6B369700C976DA /* PortfolioCollectionViewController.swift */ = {isa = PBXFileReference; lastKnownFileType = sourcecode.swift; path = PortfolioCollectionViewController.swift; sourceTree = "<group>"; };
		839E5FF61F6B36AE00C976DA /* PortfolioCollectionViewCell.swift */ = {isa = PBXFileReference; lastKnownFileType = sourcecode.swift; path = PortfolioCollectionViewCell.swift; sourceTree = "<group>"; };
		839E5FFA1F6E045100C976DA /* ContactUsViewController.swift */ = {isa = PBXFileReference; lastKnownFileType = sourcecode.swift; path = ContactUsViewController.swift; sourceTree = "<group>"; };
		839E5FFD1F6E049E00C976DA /* MapKit.framework */ = {isa = PBXFileReference; lastKnownFileType = wrapper.framework; name = MapKit.framework; path = System/Library/Frameworks/MapKit.framework; sourceTree = SDKROOT; };
		83BC474A1F673FF80094440A /* BusinessApplication.app */ = {isa = PBXFileReference; explicitFileType = wrapper.application; includeInIndex = 0; path = BusinessApplication.app; sourceTree = BUILT_PRODUCTS_DIR; };
		83BC474D1F673FF80094440A /* AppDelegate.swift */ = {isa = PBXFileReference; lastKnownFileType = sourcecode.swift; path = AppDelegate.swift; sourceTree = "<group>"; };
		83BC474F1F673FF80094440A /* HomeScreenVC.swift */ = {isa = PBXFileReference; lastKnownFileType = sourcecode.swift; path = HomeScreenVC.swift; sourceTree = "<group>"; };
		83BC47521F673FF80094440A /* Base */ = {isa = PBXFileReference; lastKnownFileType = file.storyboard; name = Base; path = Base.lproj/Main.storyboard; sourceTree = "<group>"; };
		83BC47541F673FF80094440A /* Assets.xcassets */ = {isa = PBXFileReference; lastKnownFileType = folder.assetcatalog; path = Assets.xcassets; sourceTree = "<group>"; };
		83BC47571F673FF80094440A /* Base */ = {isa = PBXFileReference; lastKnownFileType = file.storyboard; name = Base; path = Base.lproj/LaunchScreen.storyboard; sourceTree = "<group>"; };
		83BC47591F673FF80094440A /* Info.plist */ = {isa = PBXFileReference; lastKnownFileType = text.plist.xml; path = Info.plist; sourceTree = "<group>"; };
		83BC47621F67EC970094440A /* RoundedCornerButton.swift */ = {isa = PBXFileReference; lastKnownFileType = sourcecode.swift; path = RoundedCornerButton.swift; sourceTree = "<group>"; };
/* End PBXFileReference section */

/* Begin PBXFrameworksBuildPhase section */
		83BC47471F673FF80094440A /* Frameworks */ = {
			isa = PBXFrameworksBuildPhase;
			buildActionMask = 2147483647;
			files = (
				839E5FFE1F6E049E00C976DA /* MapKit.framework in Frameworks */,
			);
			runOnlyForDeploymentPostprocessing = 0;
		};
/* End PBXFrameworksBuildPhase section */

/* Begin PBXGroup section */
		839E5FE91F6891AB00C976DA /* Services */ = {
			isa = PBXGroup;
			children = (
				839E5FEA1F6891E100C976DA /* ServicesTableViewController.swift */,
				839E5FEC1F6891F700C976DA /* ServicesViewController.swift */,
			);
			path = Services;
			sourceTree = "<group>";
		};
		839E5FF01F69E3E100C976DA /* AboutUs */ = {
			isa = PBXGroup;
			children = (
				839E5FF11F69E40800C976DA /* AboutUsViewController.swift */,
			);
			path = AboutUs;
			sourceTree = "<group>";
		};
		839E5FF31F6B367A00C976DA /* Portfolio */ = {
			isa = PBXGroup;
			children = (
				839E5FF41F6B369700C976DA /* PortfolioCollectionViewController.swift */,
			);
			path = Portfolio;
			sourceTree = "<group>";
		};
		839E5FF81F6B36B800C976DA /* Supporting Files */ = {
			isa = PBXGroup;
			children = (
				83BC474D1F673FF80094440A /* AppDelegate.swift */,
				83BC47561F673FF80094440A /* LaunchScreen.storyboard */,
			);
			path = "Supporting Files";
			sourceTree = "<group>";
		};
		839E5FF91F6E042200C976DA /* ContactUs */ = {
			isa = PBXGroup;
			children = (
				839E5FFA1F6E045100C976DA /* ContactUsViewController.swift */,
			);
			path = ContactUs;
			sourceTree = "<group>";
		};
		839E5FFC1F6E049E00C976DA /* Frameworks */ = {
			isa = PBXGroup;
			children = (
				839E5FFD1F6E049E00C976DA /* MapKit.framework */,
			);
			name = Frameworks;
			sourceTree = "<group>";
		};
		83BC47411F673FF80094440A = {
			isa = PBXGroup;
			children = (
				83BC474C1F673FF80094440A /* BusinessApplication */,
				83BC474B1F673FF80094440A /* Products */,
				839E5FFC1F6E049E00C976DA /* Frameworks */,
			);
			sourceTree = "<group>";
		};
		83BC474B1F673FF80094440A /* Products */ = {
			isa = PBXGroup;
			children = (
				83BC474A1F673FF80094440A /* BusinessApplication.app */,
			);
			name = Products;
			sourceTree = "<group>";
		};
		83BC474C1F673FF80094440A /* BusinessApplication */ = {
			isa = PBXGroup;
			children = (
				839E5FF81F6B36B800C976DA /* Supporting Files */,
				83BC47611F67EC6E0094440A /* Views */,
				83BC47601F67EC660094440A /* Models */,
				83BC475F1F67EC5B0094440A /* Controllers */,
				83BC47511F673FF80094440A /* Main.storyboard */,
				83BC47541F673FF80094440A /* Assets.xcassets */,
				83BC47591F673FF80094440A /* Info.plist */,
			);
			path = BusinessApplication;
			sourceTree = "<group>";
		};
		83BC475F1F67EC5B0094440A /* Controllers */ = {
			isa = PBXGroup;
			children = (
				839E5FF91F6E042200C976DA /* ContactUs */,
				839E5FF31F6B367A00C976DA /* Portfolio */,
				839E5FF01F69E3E100C976DA /* AboutUs */,
				839E5FE91F6891AB00C976DA /* Services */,
				83BC474F1F673FF80094440A /* HomeScreenVC.swift */,
			);
			path = Controllers;
			sourceTree = "<group>";
		};
		83BC47601F67EC660094440A /* Models */ = {
			isa = PBXGroup;
			children = (
				839E5FEE1F68920B00C976DA /* ServicesTableViewCell.swift */,
				839E5FF61F6B36AE00C976DA /* PortfolioCollectionViewCell.swift */,
			);
			path = Models;
			sourceTree = "<group>";
		};
		83BC47611F67EC6E0094440A /* Views */ = {
			isa = PBXGroup;
			children = (
				83BC47621F67EC970094440A /* RoundedCornerButton.swift */,
			);
			path = Views;
			sourceTree = "<group>";
		};
/* End PBXGroup section */

/* Begin PBXNativeTarget section */
		83BC47491F673FF80094440A /* BusinessApplication */ = {
			isa = PBXNativeTarget;
			buildConfigurationList = 83BC475C1F673FF80094440A /* Build configuration list for PBXNativeTarget "BusinessApplication" */;
			buildPhases = (
				83BC47461F673FF80094440A /* Sources */,
				83BC47471F673FF80094440A /* Frameworks */,
				83BC47481F673FF80094440A /* Resources */,
			);
			buildRules = (
			);
			dependencies = (
			);
			name = BusinessApplication;
			productName = BusinessApplication;
			productReference = 83BC474A1F673FF80094440A /* BusinessApplication.app */;
			productType = "com.apple.product-type.application";
		};
/* End PBXNativeTarget section */

/* Begin PBXProject section */
		83BC47421F673FF80094440A /* Project object */ = {
			isa = PBXProject;
			attributes = {
				LastSwiftUpdateCheck = 0900;
				LastUpgradeCheck = 0900;
				ORGANIZATIONNAME = "Sujanth Sebamalaithasan";
				TargetAttributes = {
					83BC47491F673FF80094440A = {
						CreatedOnToolsVersion = 9.0;
						SystemCapabilities = {
							com.apple.Maps.iOS = {
								enabled = 1;
							};
						};
					};
				};
			};
			buildConfigurationList = 83BC47451F673FF80094440A /* Build configuration list for PBXProject "BusinessApplication" */;
			compatibilityVersion = "Xcode 8.0";
			developmentRegion = en;
			hasScannedForEncodings = 0;
			knownRegions = (
				en,
				Base,
			);
			mainGroup = 83BC47411F673FF80094440A;
			productRefGroup = 83BC474B1F673FF80094440A /* Products */;
			projectDirPath = "";
			projectRoot = "";
			targets = (
				83BC47491F673FF80094440A /* BusinessApplication */,
			);
		};
/* End PBXProject section */

/* Begin PBXResourcesBuildPhase section */
		83BC47481F673FF80094440A /* Resources */ = {
			isa = PBXResourcesBuildPhase;
			buildActionMask = 2147483647;
			files = (
				83BC47581F673FF80094440A /* LaunchScreen.storyboard in Resources */,
				83BC47551F673FF80094440A /* Assets.xcassets in Resources */,
				83BC47531F673FF80094440A /* Main.storyboard in Resources */,
			);
			runOnlyForDeploymentPostprocessing = 0;
		};
/* End PBXResourcesBuildPhase section */

/* Begin PBXSourcesBuildPhase section */
		83BC47461F673FF80094440A /* Sources */ = {
			isa = PBXSourcesBuildPhase;
			buildActionMask = 2147483647;
			files = (
				83BC47631F67EC970094440A /* RoundedCornerButton.swift in Sources */,
				839E5FEF1F68920B00C976DA /* ServicesTableViewCell.swift in Sources */,
				839E5FEB1F6891E100C976DA /* ServicesTableViewController.swift in Sources */,
				839E5FF51F6B369700C976DA /* PortfolioCollectionViewController.swift in Sources */,
				83BC47501F673FF80094440A /* HomeScreenVC.swift in Sources */,
				839E5FF21F69E40800C976DA /* AboutUsViewController.swift in Sources */,
				839E5FED1F6891F700C976DA /* ServicesViewController.swift in Sources */,
				839E5FFB1F6E045100C976DA /* ContactUsViewController.swift in Sources */,
				83BC474E1F673FF80094440A /* AppDelegate.swift in Sources */,
				839E5FF71F6B36AE00C976DA /* PortfolioCollectionViewCell.swift in Sources */,
			);
			runOnlyForDeploymentPostprocessing = 0;
		};
/* End PBXSourcesBuildPhase section */

/* Begin PBXVariantGroup section */
		83BC47511F673FF80094440A /* Main.storyboard */ = {
			isa = PBXVariantGroup;
			children = (
				83BC47521F673FF80094440A /* Base */,
			);
			name = Main.storyboard;
			sourceTree = "<group>";
		};
		83BC47561F673FF80094440A /* LaunchScreen.storyboard */ = {
			isa = PBXVariantGroup;
			children = (
				83BC47571F673FF80094440A /* Base */,
			);
			name = LaunchScreen.storyboard;
			sourceTree = "<group>";
		};
/* End PBXVariantGroup section */

/* Begin XCBuildConfiguration section */
		83BC475A1F673FF80094440A /* Debug */ = {
			isa = XCBuildConfiguration;
			buildSettings = {
				ALWAYS_SEARCH_USER_PATHS = NO;
				CLANG_ANALYZER_NONNULL = YES;
				CLANG_ANALYZER_NUMBER_OBJECT_CONVERSION = YES_AGGRESSIVE;
				CLANG_CXX_LANGUAGE_STANDARD = "gnu++14";
				CLANG_CXX_LIBRARY = "libc++";
				CLANG_ENABLE_MODULES = YES;
				CLANG_ENABLE_OBJC_ARC = YES;
				CLANG_WARN_BLOCK_CAPTURE_AUTORELEASING = YES;
				CLANG_WARN_BOOL_CONVERSION = YES;
				CLANG_WARN_COMMA = YES;
				CLANG_WARN_CONSTANT_CONVERSION = YES;
				CLANG_WARN_DIRECT_OBJC_ISA_USAGE = YES_ERROR;
				CLANG_WARN_DOCUMENTATION_COMMENTS = YES;
				CLANG_WARN_EMPTY_BODY = YES;
				CLANG_WARN_ENUM_CONVERSION = YES;
				CLANG_WARN_INFINITE_RECURSION = YES;
				CLANG_WARN_INT_CONVERSION = YES;
				CLANG_WARN_OBJC_ROOT_CLASS = YES_ERROR;
				CLANG_WARN_RANGE_LOOP_ANALYSIS = YES;
				CLANG_WARN_STRICT_PROTOTYPES = YES;
				CLANG_WARN_SUSPICIOUS_MOVE = YES;
				CLANG_WARN_UNGUARDED_AVAILABILITY = YES_AGGRESSIVE;
				CLANG_WARN_UNREACHABLE_CODE = YES;
				CLANG_WARN__DUPLICATE_METHOD_MATCH = YES;
				CODE_SIGN_IDENTITY = "iPhone Developer";
				COPY_PHASE_STRIP = NO;
				DEBUG_INFORMATION_FORMAT = dwarf;
				ENABLE_STRICT_OBJC_MSGSEND = YES;
				ENABLE_TESTABILITY = YES;
				GCC_C_LANGUAGE_STANDARD = gnu11;
				GCC_DYNAMIC_NO_PIC = NO;
				GCC_NO_COMMON_BLOCKS = YES;
				GCC_OPTIMIZATION_LEVEL = 0;
				GCC_PREPROCESSOR_DEFINITIONS = (
					"DEBUG=1",
					"$(inherited)",
				);
				GCC_WARN_64_TO_32_BIT_CONVERSION = YES;
				GCC_WARN_ABOUT_RETURN_TYPE = YES_ERROR;
				GCC_WARN_UNDECLARED_SELECTOR = YES;
				GCC_WARN_UNINITIALIZED_AUTOS = YES_AGGRESSIVE;
				GCC_WARN_UNUSED_FUNCTION = YES;
				GCC_WARN_UNUSED_VARIABLE = YES;
				IPHONEOS_DEPLOYMENT_TARGET = 11.0;
				MTL_ENABLE_DEBUG_INFO = YES;
				ONLY_ACTIVE_ARCH = YES;
				SDKROOT = iphoneos;
				SWIFT_ACTIVE_COMPILATION_CONDITIONS = DEBUG;
				SWIFT_OPTIMIZATION_LEVEL = "-Onone";
			};
			name = Debug;
		};
		83BC475B1F673FF80094440A /* Release */ = {
			isa = XCBuildConfiguration;
			buildSettings = {
				ALWAYS_SEARCH_USER_PATHS = NO;
				CLANG_ANALYZER_NONNULL = YES;
				CLANG_ANALYZER_NUMBER_OBJECT_CONVERSION = YES_AGGRESSIVE;
				CLANG_CXX_LANGUAGE_STANDARD = "gnu++14";
				CLANG_CXX_LIBRARY = "libc++";
				CLANG_ENABLE_MODULES = YES;
				CLANG_ENABLE_OBJC_ARC = YES;
				CLANG_WARN_BLOCK_CAPTURE_AUTORELEASING = YES;
				CLANG_WARN_BOOL_CONVERSION = YES;
				CLANG_WARN_COMMA = YES;
				CLANG_WARN_CONSTANT_CONVERSION = YES;
				CLANG_WARN_DIRECT_OBJC_ISA_USAGE = YES_ERROR;
				CLANG_WARN_DOCUMENTATION_COMMENTS = YES;
				CLANG_WARN_EMPTY_BODY = YES;
				CLANG_WARN_ENUM_CONVERSION = YES;
				CLANG_WARN_INFINITE_RECURSION = YES;
				CLANG_WARN_INT_CONVERSION = YES;
				CLANG_WARN_OBJC_ROOT_CLASS = YES_ERROR;
				CLANG_WARN_RANGE_LOOP_ANALYSIS = YES;
				CLANG_WARN_STRICT_PROTOTYPES = YES;
				CLANG_WARN_SUSPICIOUS_MOVE = YES;
				CLANG_WARN_UNGUARDED_AVAILABILITY = YES_AGGRESSIVE;
				CLANG_WARN_UNREACHABLE_CODE = YES;
				CLANG_WARN__DUPLICATE_METHOD_MATCH = YES;
				CODE_SIGN_IDENTITY = "iPhone Developer";
				COPY_PHASE_STRIP = NO;
				DEBUG_INFORMATION_FORMAT = "dwarf-with-dsym";
				ENABLE_NS_ASSERTIONS = NO;
				ENABLE_STRICT_OBJC_MSGSEND = YES;
				GCC_C_LANGUAGE_STANDARD = gnu11;
				GCC_NO_COMMON_BLOCKS = YES;
				GCC_WARN_64_TO_32_BIT_CONVERSION = YES;
				GCC_WARN_ABOUT_RETURN_TYPE = YES_ERROR;
				GCC_WARN_UNDECLARED_SELECTOR = YES;
				GCC_WARN_UNINITIALIZED_AUTOS = YES_AGGRESSIVE;
				GCC_WARN_UNUSED_FUNCTION = YES;
				GCC_WARN_UNUSED_VARIABLE = YES;
				IPHONEOS_DEPLOYMENT_TARGET = 11.0;
				MTL_ENABLE_DEBUG_INFO = NO;
				SDKROOT = iphoneos;
				SWIFT_OPTIMIZATION_LEVEL = "-Owholemodule";
				VALIDATE_PRODUCT = YES;
			};
			name = Release;
		};
		83BC475D1F673FF80094440A /* Debug */ = {
			isa = XCBuildConfiguration;
			buildSettings = {
				ASSETCATALOG_COMPILER_APPICON_NAME = AppIcon;
				DEVELOPMENT_TEAM = 7444ZHPYLX;
				INFOPLIST_FILE = BusinessApplication/Info.plist;
				LD_RUNPATH_SEARCH_PATHS = "$(inherited) @executable_path/Frameworks";
				PRODUCT_BUNDLE_IDENTIFIER = com.sujanth.BusinessApplication;
				PRODUCT_NAME = "$(TARGET_NAME)";
				SWIFT_VERSION = 4.0;
				TARGETED_DEVICE_FAMILY = "1,2";
			};
			name = Debug;
		};
		83BC475E1F673FF80094440A /* Release */ = {
			isa = XCBuildConfiguration;
			buildSettings = {
				ASSETCATALOG_COMPILER_APPICON_NAME = AppIcon;
				DEVELOPMENT_TEAM = 7444ZHPYLX;
				INFOPLIST_FILE = BusinessApplication/Info.plist;
				LD_RUNPATH_SEARCH_PATHS = "$(inherited) @executable_path/Frameworks";
				PRODUCT_BUNDLE_IDENTIFIER = com.sujanth.BusinessApplication;
				PRODUCT_NAME = "$(TARGET_NAME)";
				SWIFT_VERSION = 4.0;
				TARGETED_DEVICE_FAMILY = "1,2";
			};
			name = Release;
		};
/* End XCBuildConfiguration section */

/* Begin XCConfigurationList section */
		83BC47451F673FF80094440A /* Build configuration list for PBXProject "BusinessApplication" */ = {
			isa = XCConfigurationList;
			buildConfigurations = (
				83BC475A1F673FF80094440A /* Debug */,
				83BC475B1F673FF80094440A /* Release */,
			);
			defaultConfigurationIsVisible = 0;
			defaultConfigurationName = Release;
		};
		83BC475C1F673FF80094440A /* Build configuration list for PBXNativeTarget "BusinessApplication" */ = {
			isa = XCConfigurationList;
			buildConfigurations = (
				83BC475D1F673FF80094440A /* Debug */,
				83BC475E1F673FF80094440A /* Release */,
			);
			defaultConfigurationIsVisible = 0;
			defaultConfigurationName = Release;
		};
/* End XCConfigurationList section */
	};
	rootObject = 83BC47421F673FF80094440A /* Project object */;
}
